// !$*UTF8*$!
{
	archiveVersion = 1;
	classes = {
	};
	objectVersion = 56;
	objects = {

/* Begin PBXBuildFile section */
		09B48E732A94DFEC00002D53 /* AppDelegate.m in Sources */ = {isa = PBXBuildFile; fileRef = 09B48E722A94DFEC00002D53 /* AppDelegate.m */; };
		09B48E762A94DFEC00002D53 /* SceneDelegate.m in Sources */ = {isa = PBXBuildFile; fileRef = 09B48E752A94DFEC00002D53 /* SceneDelegate.m */; };
		09B48E792A94DFEC00002D53 /* ViewController.m in Sources */ = {isa = PBXBuildFile; fileRef = 09B48E782A94DFEC00002D53 /* ViewController.m */; };
		09B48E7C2A94DFEC00002D53 /* Main.storyboard in Resources */ = {isa = PBXBuildFile; fileRef = 09B48E7A2A94DFEC00002D53 /* Main.storyboard */; };
		09B48E7E2A94DFEC00002D53 /* Assets.xcassets in Resources */ = {isa = PBXBuildFile; fileRef = 09B48E7D2A94DFEC00002D53 /* Assets.xcassets */; };
		09B48E812A94DFEC00002D53 /* LaunchScreen.storyboard in Resources */ = {isa = PBXBuildFile; fileRef = 09B48E7F2A94DFEC00002D53 /* LaunchScreen.storyboard */; };
		09B48E842A94DFEC00002D53 /* main.m in Sources */ = {isa = PBXBuildFile; fileRef = 09B48E832A94DFEC00002D53 /* main.m */; };
		09B48E8F2A94EF7400002D53 /* InputViewController.m in Sources */ = {isa = PBXBuildFile; fileRef = 09B48E8E2A94EF7400002D53 /* InputViewController.m */; };
		09B48E932A94EFC000002D53 /* ResultViewController.m in Sources */ = {isa = PBXBuildFile; fileRef = 09B48E922A94EFC000002D53 /* ResultViewController.m */; };
		09B48E952A94F12F00002D53 /* README.txt in Resources */ = {isa = PBXBuildFile; fileRef = 09B48E942A94F12F00002D53 /* README.txt */; };
/* End PBXBuildFile section */

/* Begin PBXFileReference section */
		09B48E6E2A94DFEB00002D53 /* meihuayishu.app */ = {isa = PBXFileReference; explicitFileType = wrapper.application; includeInIndex = 0; path = meihuayishu.app; sourceTree = BUILT_PRODUCTS_DIR; };
		09B48E712A94DFEC00002D53 /* AppDelegate.h */ = {isa = PBXFileReference; lastKnownFileType = sourcecode.c.h; path = AppDelegate.h; sourceTree = "<group>"; };
		09B48E722A94DFEC00002D53 /* AppDelegate.m */ = {isa = PBXFileReference; lastKnownFileType = sourcecode.c.objc; path = AppDelegate.m; sourceTree = "<group>"; };
		09B48E742A94DFEC00002D53 /* SceneDelegate.h */ = {isa = PBXFileReference; lastKnownFileType = sourcecode.c.h; path = SceneDelegate.h; sourceTree = "<group>"; };
		09B48E752A94DFEC00002D53 /* SceneDelegate.m */ = {isa = PBXFileReference; lastKnownFileType = sourcecode.c.objc; path = SceneDelegate.m; sourceTree = "<group>"; };
		09B48E772A94DFEC00002D53 /* ViewController.h */ = {isa = PBXFileReference; lastKnownFileType = sourcecode.c.h; path = ViewController.h; sourceTree = "<group>"; };
		09B48E782A94DFEC00002D53 /* ViewController.m */ = {isa = PBXFileReference; lastKnownFileType = sourcecode.c.objc; path = ViewController.m; sourceTree = "<group>"; };
		09B48E7B2A94DFEC00002D53 /* Base */ = {isa = PBXFileReference; lastKnownFileType = file.storyboard; name = Base; path = Base.lproj/Main.storyboard; sourceTree = "<group>"; };
		09B48E7D2A94DFEC00002D53 /* Assets.xcassets */ = {isa = PBXFileReference; lastKnownFileType = folder.assetcatalog; path = Assets.xcassets; sourceTree = "<group>"; };
		09B48E802A94DFEC00002D53 /* Base */ = {isa = PBXFileReference; lastKnownFileType = file.storyboard; name = Base; path = Base.lproj/LaunchScreen.storyboard; sourceTree = "<group>"; };
		09B48E822A94DFEC00002D53 /* Info.plist */ = {isa = PBXFileReference; lastKnownFileType = text.plist.xml; path = Info.plist; sourceTree = "<group>"; };
		09B48E832A94DFEC00002D53 /* main.m */ = {isa = PBXFileReference; lastKnownFileType = sourcecode.c.objc; path = main.m; sourceTree = "<group>"; };
		09B48E8D2A94EF7400002D53 /* InputViewController.h */ = {isa = PBXFileReference; lastKnownFileType = sourcecode.c.h; path = InputViewController.h; sourceTree = "<group>"; };
		09B48E8E2A94EF7400002D53 /* InputViewController.m */ = {isa = PBXFileReference; lastKnownFileType = sourcecode.c.objc; path = InputViewController.m; sourceTree = "<group>"; };
		09B48E912A94EFC000002D53 /* ResultViewController.h */ = {isa = PBXFileReference; lastKnownFileType = sourcecode.c.h; path = ResultViewController.h; sourceTree = "<group>"; };
		09B48E922A94EFC000002D53 /* ResultViewController.m */ = {isa = PBXFileReference; lastKnownFileType = sourcecode.c.objc; path = ResultViewController.m; sourceTree = "<group>"; };
		09B48E942A94F12F00002D53 /* README.txt */ = {isa = PBXFileReference; fileEncoding = 4; lastKnownFileType = text; path = README.txt; sourceTree = "<group>"; };
/* End PBXFileReference section */

/* Begin PBXFrameworksBuildPhase section */
		09B48E6B2A94DFEB00002D53 /* Frameworks */ = {
			isa = PBXFrameworksBuildPhase;
			buildActionMask = 2147483647;
			files = (
			);
			runOnlyForDeploymentPostprocessing = 0;
		};
/* End PBXFrameworksBuildPhase section */

/* Begin PBXGroup section */
		09B48E652A94DFEB00002D53 = {
			isa = PBXGroup;
			children = (
				09B48E942A94F12F00002D53 /* README.txt */,
				09B48E702A94DFEB00002D53 /* meihuayishu */,
				09B48E6F2A94DFEB00002D53 /* Products */,
			);
			sourceTree = "<group>";
		};
		09B48E6F2A94DFEB00002D53 /* Products */ = {
			isa = PBXGroup;
			children = (
				09B48E6E2A94DFEB00002D53 /* meihuayishu.app */,
			);
			name = Products;
			sourceTree = "<group>";
		};
		09B48E702A94DFEB00002D53 /* meihuayishu */ = {
			isa = PBXGroup;
			children = (
				09B48E902A94EFAF00002D53 /* ResultViewController */,
				09B48E8C2A94EF3500002D53 /* InputViewController */,
				09B48E712A94DFEC00002D53 /* AppDelegate.h */,
				09B48E722A94DFEC00002D53 /* AppDelegate.m */,
				09B48E742A94DFEC00002D53 /* SceneDelegate.h */,
				09B48E752A94DFEC00002D53 /* SceneDelegate.m */,
				09B48E772A94DFEC00002D53 /* ViewController.h */,
				09B48E782A94DFEC00002D53 /* ViewController.m */,
				09B48E7A2A94DFEC00002D53 /* Main.storyboard */,
				09B48E7D2A94DFEC00002D53 /* Assets.xcassets */,
				09B48E7F2A94DFEC00002D53 /* LaunchScreen.storyboard */,
				09B48E822A94DFEC00002D53 /* Info.plist */,
				09B48E832A94DFEC00002D53 /* main.m */,
			);
			path = meihuayishu;
			sourceTree = "<group>";
		};
		09B48E8C2A94EF3500002D53 /* InputViewController */ = {
			isa = PBXGroup;
			children = (
				09B48E8D2A94EF7400002D53 /* InputViewController.h */,
				09B48E8E2A94EF7400002D53 /* InputViewController.m */,
			);
			path = InputViewController;
			sourceTree = "<group>";
		};
		09B48E902A94EFAF00002D53 /* ResultViewController */ = {
			isa = PBXGroup;
			children = (
				09B48E912A94EFC000002D53 /* ResultViewController.h */,
				09B48E922A94EFC000002D53 /* ResultViewController.m */,
			);
			path = ResultViewController;
			sourceTree = "<group>";
		};
/* End PBXGroup section */

/* Begin PBXNativeTarget section */
		09B48E6D2A94DFEB00002D53 /* meihuayishu */ = {
			isa = PBXNativeTarget;
			buildConfigurationList = 09B48E872A94DFEC00002D53 /* Build configuration list for PBXNativeTarget "meihuayishu" */;
			buildPhases = (
				09B48E6A2A94DFEB00002D53 /* Sources */,
				09B48E6B2A94DFEB00002D53 /* Frameworks */,
				09B48E6C2A94DFEB00002D53 /* Resources */,
			);
			buildRules = (
			);
			dependencies = (
			);
			name = meihuayishu;
			productName = meihuayishu;
			productReference = 09B48E6E2A94DFEB00002D53 /* meihuayishu.app */;
			productType = "com.apple.product-type.application";
		};
/* End PBXNativeTarget section */

/* Begin PBXProject section */
		09B48E662A94DFEB00002D53 /* Project object */ = {
			isa = PBXProject;
			attributes = {
				BuildIndependentTargetsInParallel = 1;
				LastUpgradeCheck = 1430;
				TargetAttributes = {
					09B48E6D2A94DFEB00002D53 = {
						CreatedOnToolsVersion = 14.3;
					};
				};
			};
			buildConfigurationList = 09B48E692A94DFEB00002D53 /* Build configuration list for PBXProject "meihuayishu" */;
			compatibilityVersion = "Xcode 14.0";
			developmentRegion = en;
			hasScannedForEncodings = 0;
			knownRegions = (
				en,
				Base,
			);
			mainGroup = 09B48E652A94DFEB00002D53;
			productRefGroup = 09B48E6F2A94DFEB00002D53 /* Products */;
			projectDirPath = "";
			projectRoot = "";
			targets = (
				09B48E6D2A94DFEB00002D53 /* meihuayishu */,
			);
		};
/* End PBXProject section */

/* Begin PBXResourcesBuildPhase section */
		09B48E6C2A94DFEB00002D53 /* Resources */ = {
			isa = PBXResourcesBuildPhase;
			buildActionMask = 2147483647;
			files = (
				09B48E812A94DFEC00002D53 /* LaunchScreen.storyboard in Resources */,
				09B48E7E2A94DFEC00002D53 /* Assets.xcassets in Resources */,
				09B48E952A94F12F00002D53 /* README.txt in Resources */,
				09B48E7C2A94DFEC00002D53 /* Main.storyboard in Resources */,
			);
			runOnlyForDeploymentPostprocessing = 0;
		};
/* End PBXResourcesBuildPhase section */

/* Begin PBXSourcesBuildPhase section */
		09B48E6A2A94DFEB00002D53 /* Sources */ = {
			isa = PBXSourcesBuildPhase;
			buildActionMask = 2147483647;
			files = (
				09B48E792A94DFEC00002D53 /* ViewController.m in Sources */,
				09B48E732A94DFEC00002D53 /* AppDelegate.m in Sources */,
				09B48E842A94DFEC00002D53 /* main.m in Sources */,
				09B48E8F2A94EF7400002D53 /* InputViewController.m in Sources */,
				09B48E762A94DFEC00002D53 /* SceneDelegate.m in Sources */,
				09B48E932A94EFC000002D53 /* ResultViewController.m in Sources */,
			);
			runOnlyForDeploymentPostprocessing = 0;
		};
/* End PBXSourcesBuildPhase section */

/* Begin PBXVariantGroup section */
		09B48E7A2A94DFEC00002D53 /* Main.storyboard */ = {
			isa = PBXVariantGroup;
			children = (
				09B48E7B2A94DFEC00002D53 /* Base */,
			);
			name = Main.storyboard;
			sourceTree = "<group>";
		};
		09B48E7F2A94DFEC00002D53 /* LaunchScreen.storyboard */ = {
			isa = PBXVariantGroup;
			children = (
				09B48E802A94DFEC00002D53 /* Base */,
			);
			name = LaunchScreen.storyboard;
			sourceTree = "<group>";
		};
/* End PBXVariantGroup section */

/* Begin XCBuildConfiguration section */
		09B48E852A94DFEC00002D53 /* Debug */ = {
			isa = XCBuildConfiguration;
			buildSettings = {
				ALWAYS_SEARCH_USER_PATHS = NO;
				CLANG_ANALYZER_NONNULL = YES;
				CLANG_ANALYZER_NUMBER_OBJECT_CONVERSION = YES_AGGRESSIVE;
				CLANG_CXX_LANGUAGE_STANDARD = "gnu++20";
				CLANG_ENABLE_MODULES = YES;
				CLANG_ENABLE_OBJC_ARC = YES;
				CLANG_ENABLE_OBJC_WEAK = YES;
				CLANG_WARN_BLOCK_CAPTURE_AUTORELEASING = YES;
				CLANG_WARN_BOOL_CONVERSION = YES;
				CLANG_WARN_COMMA = YES;
				CLANG_WARN_CONSTANT_CONVERSION = YES;
				CLANG_WARN_DEPRECATED_OBJC_IMPLEMENTATIONS = YES;
				CLANG_WARN_DIRECT_OBJC_ISA_USAGE = YES_ERROR;
				CLANG_WARN_DOCUMENTATION_COMMENTS = YES;
				CLANG_WARN_EMPTY_BODY = YES;
				CLANG_WARN_ENUM_CONVERSION = YES;
				CLANG_WARN_INFINITE_RECURSION = YES;
				CLANG_WARN_INT_CONVERSION = YES;
				CLANG_WARN_NON_LITERAL_NULL_CONVERSION = YES;
				CLANG_WARN_OBJC_IMPLICIT_RETAIN_SELF = YES;
				CLANG_WARN_OBJC_LITERAL_CONVERSION = YES;
				CLANG_WARN_OBJC_ROOT_CLASS = YES_ERROR;
				CLANG_WARN_QUOTED_INCLUDE_IN_FRAMEWORK_HEADER = YES;
				CLANG_WARN_RANGE_LOOP_ANALYSIS = YES;
				CLANG_WARN_STRICT_PROTOTYPES = YES;
				CLANG_WARN_SUSPICIOUS_MOVE = YES;
				CLANG_WARN_UNGUARDED_AVAILABILITY = YES_AGGRESSIVE;
				CLANG_WARN_UNREACHABLE_CODE = YES;
				CLANG_WARN__DUPLICATE_METHOD_MATCH = YES;
				COPY_PHASE_STRIP = NO;
				DEBUG_INFORMATION_FORMAT = dwarf;
				ENABLE_STRICT_OBJC_MSGSEND = YES;
				ENABLE_TESTABILITY = YES;
				GCC_C_LANGUAGE_STANDARD = gnu11;
				GCC_DYNAMIC_NO_PIC = NO;
				GCC_NO_COMMON_BLOCKS = YES;
				GCC_OPTIMIZATION_LEVEL = 0;
				GCC_PREPROCESSOR_DEFINITIONS = (
					"DEBUG=1",
					"$(inherited)",
				);
				GCC_WARN_64_TO_32_BIT_CONVERSION = YES;
				GCC_WARN_ABOUT_RETURN_TYPE = YES_ERROR;
				GCC_WARN_UNDECLARED_SELECTOR = YES;
				GCC_WARN_UNINITIALIZED_AUTOS = YES_AGGRESSIVE;
				GCC_WARN_UNUSED_FUNCTION = YES;
				GCC_WARN_UNUSED_VARIABLE = YES;
				IPHONEOS_DEPLOYMENT_TARGET = 16.4;
				MTL_ENABLE_DEBUG_INFO = INCLUDE_SOURCE;
				MTL_FAST_MATH = YES;
				ONLY_ACTIVE_ARCH = YES;
				SDKROOT = iphoneos;
			};
			name = Debug;
		};
		09B48E862A94DFEC00002D53 /* Release */ = {
			isa = XCBuildConfiguration;
			buildSettings = {
				ALWAYS_SEARCH_USER_PATHS = NO;
				CLANG_ANALYZER_NONNULL = YES;
				CLANG_ANALYZER_NUMBER_OBJECT_CONVERSION = YES_AGGRESSIVE;
				CLANG_CXX_LANGUAGE_STANDARD = "gnu++20";
				CLANG_ENABLE_MODULES = YES;
				CLANG_ENABLE_OBJC_ARC = YES;
				CLANG_ENABLE_OBJC_WEAK = YES;
				CLANG_WARN_BLOCK_CAPTURE_AUTORELEASING = YES;
				CLANG_WARN_BOOL_CONVERSION = YES;
				CLANG_WARN_COMMA = YES;
				CLANG_WARN_CONSTANT_CONVERSION = YES;
				CLANG_WARN_DEPRECATED_OBJC_IMPLEMENTATIONS = YES;
				CLANG_WARN_DIRECT_OBJC_ISA_USAGE = YES_ERROR;
				CLANG_WARN_DOCUMENTATION_COMMENTS = YES;
				CLANG_WARN_EMPTY_BODY = YES;
				CLANG_WARN_ENUM_CONVERSION = YES;
				CLANG_WARN_INFINITE_RECURSION = YES;
				CLANG_WARN_INT_CONVERSION = YES;
				CLANG_WARN_NON_LITERAL_NULL_CONVERSION = YES;
				CLANG_WARN_OBJC_IMPLICIT_RETAIN_SELF = YES;
				CLANG_WARN_OBJC_LITERAL_CONVERSION = YES;
				CLANG_WARN_OBJC_ROOT_CLASS = YES_ERROR;
				CLANG_WARN_QUOTED_INCLUDE_IN_FRAMEWORK_HEADER = YES;
				CLANG_WARN_RANGE_LOOP_ANALYSIS = YES;
				CLANG_WARN_STRICT_PROTOTYPES = YES;
				CLANG_WARN_SUSPICIOUS_MOVE = YES;
				CLANG_WARN_UNGUARDED_AVAILABILITY = YES_AGGRESSIVE;
				CLANG_WARN_UNREACHABLE_CODE = YES;
				CLANG_WARN__DUPLICATE_METHOD_MATCH = YES;
				COPY_PHASE_STRIP = NO;
				DEBUG_INFORMATION_FORMAT = "dwarf-with-dsym";
				ENABLE_NS_ASSERTIONS = NO;
				ENABLE_STRICT_OBJC_MSGSEND = YES;
				GCC_C_LANGUAGE_STANDARD = gnu11;
				GCC_NO_COMMON_BLOCKS = YES;
				GCC_WARN_64_TO_32_BIT_CONVERSION = YES;
				GCC_WARN_ABOUT_RETURN_TYPE = YES_ERROR;
				GCC_WARN_UNDECLARED_SELECTOR = YES;
				GCC_WARN_UNINITIALIZED_AUTOS = YES_AGGRESSIVE;
				GCC_WARN_UNUSED_FUNCTION = YES;
				GCC_WARN_UNUSED_VARIABLE = YES;
				IPHONEOS_DEPLOYMENT_TARGET = 16.4;
				MTL_ENABLE_DEBUG_INFO = NO;
				MTL_FAST_MATH = YES;
				SDKROOT = iphoneos;
				VALIDATE_PRODUCT = YES;
			};
			name = Release;
		};
		09B48E882A94DFEC00002D53 /* Debug */ = {
			isa = XCBuildConfiguration;
			buildSettings = {
				ASSETCATALOG_COMPILER_APPICON_NAME = AppIcon;
				ASSETCATALOG_COMPILER_GLOBAL_ACCENT_COLOR_NAME = AccentColor;
				CODE_SIGN_STYLE = Automatic;
				CURRENT_PROJECT_VERSION = 1;
				DEVELOPMENT_TEAM = 2TX8T2XU3P;
				GENERATE_INFOPLIST_FILE = YES;
				INFOPLIST_FILE = meihuayishu/Info.plist;
				INFOPLIST_KEY_UIApplicationSupportsIndirectInputEvents = YES;
				INFOPLIST_KEY_UILaunchStoryboardName = LaunchScreen;
				INFOPLIST_KEY_UIMainStoryboardFile = Main;
				INFOPLIST_KEY_UISupportedInterfaceOrientations_iPad = "UIInterfaceOrientationPortrait UIInterfaceOrientationPortraitUpsideDown UIInterfaceOrientationLandscapeLeft UIInterfaceOrientationLandscapeRight";
				INFOPLIST_KEY_UISupportedInterfaceOrientations_iPhone = "UIInterfaceOrientationPortrait UIInterfaceOrientationLandscapeLeft UIInterfaceOrientationLandscapeRight";
				IPHONEOS_DEPLOYMENT_TARGET = 16.0;
				LD_RUNPATH_SEARCH_PATHS = (
					"$(inherited)",
					"@executable_path/Frameworks",
				);
				MARKETING_VERSION = 1.0;
				PRODUCT_BUNDLE_IDENTIFIER = com.meitu.macdemo.meihuayishu;
				PRODUCT_NAME = "$(TARGET_NAME)";
				SWIFT_EMIT_LOC_STRINGS = YES;
				TARGETED_DEVICE_FAMILY = "1,2";
			};
			name = Debug;
		};
		09B48E892A94DFEC00002D53 /* Release */ = {
			isa = XCBuildConfiguration;
			buildSettings = {
				ASSETCATALOG_COMPILER_APPICON_NAME = AppIcon;
				ASSETCATALOG_COMPILER_GLOBAL_ACCENT_COLOR_NAME = AccentColor;
				CODE_SIGN_STYLE = Automatic;
				CURRENT_PROJECT_VERSION = 1;
				DEVELOPMENT_TEAM = 2TX8T2XU3P;
				GENERATE_INFOPLIST_FILE = YES;
				INFOPLIST_FILE = meihuayishu/Info.plist;
				INFOPLIST_KEY_UIApplicationSupportsIndirectInputEvents = YES;
				INFOPLIST_KEY_UILaunchStoryboardName = LaunchScreen;
				INFOPLIST_KEY_UIMainStoryboardFile = Main;
				INFOPLIST_KEY_UISupportedInterfaceOrientations_iPad = "UIInterfaceOrientationPortrait UIInterfaceOrientationPortraitUpsideDown UIInterfaceOrientationLandscapeLeft UIInterfaceOrientationLandscapeRight";
				INFOPLIST_KEY_UISupportedInterfaceOrientations_iPhone = "UIInterfaceOrientationPortrait UIInterfaceOrientationLandscapeLeft UIInterfaceOrientationLandscapeRight";
				IPHONEOS_DEPLOYMENT_TARGET = 16.0;
				LD_RUNPATH_SEARCH_PATHS = (
					"$(inherited)",
					"@executable_path/Frameworks",
				);
				MARKETING_VERSION = 1.0;
				PRODUCT_BUNDLE_IDENTIFIER = com.meitu.macdemo.meihuayishu;
				PRODUCT_NAME = "$(TARGET_NAME)";
				SWIFT_EMIT_LOC_STRINGS = YES;
				TARGETED_DEVICE_FAMILY = "1,2";
			};
			name = Release;
		};
/* End XCBuildConfiguration section */

/* Begin XCConfigurationList section */
		09B48E692A94DFEB00002D53 /* Build configuration list for PBXProject "meihuayishu" */ = {
			isa = XCConfigurationList;
			buildConfigurations = (
				09B48E852A94DFEC00002D53 /* Debug */,
				09B48E862A94DFEC00002D53 /* Release */,
			);
			defaultConfigurationIsVisible = 0;
			defaultConfigurationName = Release;
		};
		09B48E872A94DFEC00002D53 /* Build configuration list for PBXNativeTarget "meihuayishu" */ = {
			isa = XCConfigurationList;
			buildConfigurations = (
				09B48E882A94DFEC00002D53 /* Debug */,
				09B48E892A94DFEC00002D53 /* Release */,
			);
			defaultConfigurationIsVisible = 0;
			defaultConfigurationName = Release;
		};
/* End XCConfigurationList section */
	};
	rootObject = 09B48E662A94DFEB00002D53 /* Project object */;
}
