// !$*UTF8*$!
{
	archiveVersion = 1;
	classes = {
	};
	objectVersion = 56;
	objects = {

/* Begin PBXBuildFile section */
		092569212C3056C000B23673 /* MeihuayishuPaipan.swift in Sources */ = {isa = PBXBuildFile; fileRef = 092569202C3056C000B23673 /* MeihuayishuPaipan.swift */; };
		092569232C3065E700B23673 /* PaipanDetailView.swift in Sources */ = {isa = PBXBuildFile; fileRef = 092569222C3065E700B23673 /* PaipanDetailView.swift */; };
		092569262C30762000B23673 /* DateUtils.swift in Sources */ = {isa = PBXBuildFile; fileRef = 092569252C30762000B23673 /* DateUtils.swift */; };
		0925692A2C307D5900B23673 /* UtilsHelper.cpp in Sources */ = {isa = PBXBuildFile; fileRef = 092569282C307D5900B23673 /* UtilsHelper.cpp */; };
		092569302C31A7A200B23673 /* lunarData.cpp in Sources */ = {isa = PBXBuildFile; fileRef = 0925692E2C31A7A200B23673 /* lunarData.cpp */; };
		09B8B4612C3BAB1B00DA18AF /* GuaData.cpp in Sources */ = {isa = PBXBuildFile; fileRef = 09B8B45F2C3BAB1B00DA18AF /* GuaData.cpp */; };
		09B8B46B2C3DB61900DA18AF /* GuaExampleView.swift in Sources */ = {isa = PBXBuildFile; fileRef = 09B8B46A2C3DB61900DA18AF /* GuaExampleView.swift */; };
		09B8B46D2C3DB7CB00DA18AF /* MyProfileView.swift in Sources */ = {isa = PBXBuildFile; fileRef = 09B8B46C2C3DB7CB00DA18AF /* MyProfileView.swift */; };
		09B8B47F2C3F03EB00DA18AF /* DataModel.xcdatamodeld in Sources */ = {isa = PBXBuildFile; fileRef = 09B8B47D2C3F03EB00DA18AF /* DataModel.xcdatamodeld */; };
		09B8B4822C3F056700DA18AF /* PaipanRecordModel+CoreDataClass.swift in Sources */ = {isa = PBXBuildFile; fileRef = 09B8B4802C3F056700DA18AF /* PaipanRecordModel+CoreDataClass.swift */; };
		09B8B4832C3F056700DA18AF /* PaipanRecordModel+CoreDataProperties.swift in Sources */ = {isa = PBXBuildFile; fileRef = 09B8B4812C3F056700DA18AF /* PaipanRecordModel+CoreDataProperties.swift */; };
		09B8B4862C3F06A000DA18AF /* PersistenceController.swift in Sources */ = {isa = PBXBuildFile; fileRef = 09B8B4852C3F06A000DA18AF /* PersistenceController.swift */; };
		09C7785A2C2F313400276648 /* yixueNoteApp.swift in Sources */ = {isa = PBXBuildFile; fileRef = 09C778592C2F313400276648 /* yixueNoteApp.swift */; };
		09C7785C2C2F313400276648 /* FirstPageView.swift in Sources */ = {isa = PBXBuildFile; fileRef = 09C7785B2C2F313400276648 /* FirstPageView.swift */; };
		09C7785E2C2F313500276648 /* Assets.xcassets in Resources */ = {isa = PBXBuildFile; fileRef = 09C7785D2C2F313500276648 /* Assets.xcassets */; };
		09C778612C2F313500276648 /* Preview Assets.xcassets in Resources */ = {isa = PBXBuildFile; fileRef = 09C778602C2F313500276648 /* Preview Assets.xcassets */; };
/* End PBXBuildFile section */

/* Begin PBXFileReference section */
		092569202C3056C000B23673 /* MeihuayishuPaipan.swift */ = {isa = PBXFileReference; lastKnownFileType = sourcecode.swift; path = MeihuayishuPaipan.swift; sourceTree = "<group>"; };
		092569222C3065E700B23673 /* PaipanDetailView.swift */ = {isa = PBXFileReference; lastKnownFileType = sourcecode.swift; path = PaipanDetailView.swift; sourceTree = "<group>"; };
		092569252C30762000B23673 /* DateUtils.swift */ = {isa = PBXFileReference; lastKnownFileType = sourcecode.swift; path = DateUtils.swift; sourceTree = "<group>"; };
		092569272C307D5900B23673 /* yixueNote-Bridging-Header.h */ = {isa = PBXFileReference; lastKnownFileType = sourcecode.c.h; path = "yixueNote-Bridging-Header.h"; sourceTree = "<group>"; };
		092569282C307D5900B23673 /* UtilsHelper.cpp */ = {isa = PBXFileReference; lastKnownFileType = sourcecode.cpp.cpp; path = UtilsHelper.cpp; sourceTree = "<group>"; };
		092569292C307D5900B23673 /* UtilsHelper.h */ = {isa = PBXFileReference; lastKnownFileType = sourcecode.c.h; path = UtilsHelper.h; sourceTree = "<group>"; };
		0925692E2C31A7A200B23673 /* lunarData.cpp */ = {isa = PBXFileReference; lastKnownFileType = sourcecode.cpp.cpp; path = lunarData.cpp; sourceTree = "<group>"; };
		0925692F2C31A7A200B23673 /* lunarData.hpp */ = {isa = PBXFileReference; lastKnownFileType = sourcecode.cpp.h; path = lunarData.hpp; sourceTree = "<group>"; };
		09B8B45F2C3BAB1B00DA18AF /* GuaData.cpp */ = {isa = PBXFileReference; lastKnownFileType = sourcecode.cpp.cpp; path = GuaData.cpp; sourceTree = "<group>"; };
		09B8B4602C3BAB1B00DA18AF /* GuaData.hpp */ = {isa = PBXFileReference; lastKnownFileType = sourcecode.cpp.h; path = GuaData.hpp; sourceTree = "<group>"; };
		09B8B46A2C3DB61900DA18AF /* GuaExampleView.swift */ = {isa = PBXFileReference; lastKnownFileType = sourcecode.swift; path = GuaExampleView.swift; sourceTree = "<group>"; };
		09B8B46C2C3DB7CB00DA18AF /* MyProfileView.swift */ = {isa = PBXFileReference; lastKnownFileType = sourcecode.swift; path = MyProfileView.swift; sourceTree = "<group>"; };
		09B8B46E2C3DB91400DA18AF /* README */ = {isa = PBXFileReference; lastKnownFileType = text; path = README; sourceTree = "<group>"; };
		09B8B47E2C3F03EB00DA18AF /* DataModel.xcdatamodel */ = {isa = PBXFileReference; lastKnownFileType = wrapper.xcdatamodel; path = DataModel.xcdatamodel; sourceTree = "<group>"; };
		09B8B4802C3F056700DA18AF /* PaipanRecordModel+CoreDataClass.swift */ = {isa = PBXFileReference; lastKnownFileType = sourcecode.swift; name = "PaipanRecordModel+CoreDataClass.swift"; path = "yixueNote/PaipanRecordModel+CoreDataClass.swift"; sourceTree = "<group>"; };
		09B8B4812C3F056700DA18AF /* PaipanRecordModel+CoreDataProperties.swift */ = {isa = PBXFileReference; lastKnownFileType = sourcecode.swift; name = "PaipanRecordModel+CoreDataProperties.swift"; path = "yixueNote/PaipanRecordModel+CoreDataProperties.swift"; sourceTree = "<group>"; };
		09B8B4852C3F06A000DA18AF /* PersistenceController.swift */ = {isa = PBXFileReference; lastKnownFileType = sourcecode.swift; path = PersistenceController.swift; sourceTree = "<group>"; };
		09C778562C2F313400276648 /* yixueNote.app */ = {isa = PBXFileReference; explicitFileType = wrapper.application; includeInIndex = 0; path = yixueNote.app; sourceTree = BUILT_PRODUCTS_DIR; };
		09C778592C2F313400276648 /* yixueNoteApp.swift */ = {isa = PBXFileReference; lastKnownFileType = sourcecode.swift; path = yixueNoteApp.swift; sourceTree = "<group>"; };
		09C7785B2C2F313400276648 /* FirstPageView.swift */ = {isa = PBXFileReference; lastKnownFileType = sourcecode.swift; path = FirstPageView.swift; sourceTree = "<group>"; };
		09C7785D2C2F313500276648 /* Assets.xcassets */ = {isa = PBXFileReference; lastKnownFileType = folder.assetcatalog; path = Assets.xcassets; sourceTree = "<group>"; };
		09C778602C2F313500276648 /* Preview Assets.xcassets */ = {isa = PBXFileReference; lastKnownFileType = folder.assetcatalog; path = "Preview Assets.xcassets"; sourceTree = "<group>"; };
/* End PBXFileReference section */

/* Begin PBXFrameworksBuildPhase section */
		09C778532C2F313400276648 /* Frameworks */ = {
			isa = PBXFrameworksBuildPhase;
			buildActionMask = 2147483647;
			files = (
			);
			runOnlyForDeploymentPostprocessing = 0;
		};
/* End PBXFrameworksBuildPhase section */

/* Begin PBXGroup section */
		0925691F2C3056AA00B23673 /* meihuayishu */ = {
			isa = PBXGroup;
			children = (
				092569202C3056C000B23673 /* MeihuayishuPaipan.swift */,
				092569222C3065E700B23673 /* PaipanDetailView.swift */,
				09B8B46A2C3DB61900DA18AF /* GuaExampleView.swift */,
			);
			path = meihuayishu;
			sourceTree = "<group>";
		};
		092569242C30759F00B23673 /* DataUtils */ = {
			isa = PBXGroup;
			children = (
				0925692E2C31A7A200B23673 /* lunarData.cpp */,
				0925692F2C31A7A200B23673 /* lunarData.hpp */,
			);
			path = DataUtils;
			sourceTree = "<group>";
		};
		09B8B45E2C3BAAE100DA18AF /* GuaUtils */ = {
			isa = PBXGroup;
			children = (
				09B8B45F2C3BAB1B00DA18AF /* GuaData.cpp */,
				09B8B4602C3BAB1B00DA18AF /* GuaData.hpp */,
			);
			path = GuaUtils;
			sourceTree = "<group>";
		};
		09B8B4692C3D230E00DA18AF /* bridge */ = {
			isa = PBXGroup;
			children = (
				092569282C307D5900B23673 /* UtilsHelper.cpp */,
				092569292C307D5900B23673 /* UtilsHelper.h */,
				092569272C307D5900B23673 /* yixueNote-Bridging-Header.h */,
				092569252C30762000B23673 /* DateUtils.swift */,
			);
			path = bridge;
			sourceTree = "<group>";
		};
		09B8B4842C3F068600DA18AF /* coreData */ = {
			isa = PBXGroup;
			children = (
				09B8B4852C3F06A000DA18AF /* PersistenceController.swift */,
			);
			path = coreData;
			sourceTree = "<group>";
		};
		09C7784D2C2F313400276648 = {
			isa = PBXGroup;
			children = (
				09B8B4802C3F056700DA18AF /* PaipanRecordModel+CoreDataClass.swift */,
				09B8B4812C3F056700DA18AF /* PaipanRecordModel+CoreDataProperties.swift */,
				09B8B46E2C3DB91400DA18AF /* README */,
				09C778582C2F313400276648 /* yixueNote */,
				09C778572C2F313400276648 /* Products */,
			);
			sourceTree = "<group>";
		};
		09C778572C2F313400276648 /* Products */ = {
			isa = PBXGroup;
			children = (
				09C778562C2F313400276648 /* yixueNote.app */,
			);
			name = Products;
			sourceTree = "<group>";
		};
		09C778582C2F313400276648 /* yixueNote */ = {
			isa = PBXGroup;
			children = (
				09B8B4842C3F068600DA18AF /* coreData */,
				09B8B4692C3D230E00DA18AF /* bridge */,
				09B8B45E2C3BAAE100DA18AF /* GuaUtils */,
				092569242C30759F00B23673 /* DataUtils */,
				0925691F2C3056AA00B23673 /* meihuayishu */,
				09C778592C2F313400276648 /* yixueNoteApp.swift */,
				09C7785B2C2F313400276648 /* FirstPageView.swift */,
				09B8B46C2C3DB7CB00DA18AF /* MyProfileView.swift */,
				09C7785D2C2F313500276648 /* Assets.xcassets */,
				09C7785F2C2F313500276648 /* Preview Content */,
				09B8B47D2C3F03EB00DA18AF /* DataModel.xcdatamodeld */,
			);
			path = yixueNote;
			sourceTree = "<group>";
		};
		09C7785F2C2F313500276648 /* Preview Content */ = {
			isa = PBXGroup;
			children = (
				09C778602C2F313500276648 /* Preview Assets.xcassets */,
			);
			path = "Preview Content";
			sourceTree = "<group>";
		};
/* End PBXGroup section */

/* Begin PBXNativeTarget section */
		09C778552C2F313400276648 /* yixueNote */ = {
			isa = PBXNativeTarget;
			buildConfigurationList = 09C778642C2F313500276648 /* Build configuration list for PBXNativeTarget "yixueNote" */;
			buildPhases = (
				09C778522C2F313400276648 /* Sources */,
				09C778532C2F313400276648 /* Frameworks */,
				09C778542C2F313400276648 /* Resources */,
			);
			buildRules = (
			);
			dependencies = (
			);
			name = yixueNote;
			productName = yixueNote;
			productReference = 09C778562C2F313400276648 /* yixueNote.app */;
			productType = "com.apple.product-type.application";
		};
/* End PBXNativeTarget section */

/* Begin PBXProject section */
		09C7784E2C2F313400276648 /* Project object */ = {
			isa = PBXProject;
			attributes = {
				BuildIndependentTargetsInParallel = 1;
				LastSwiftUpdateCheck = 1430;
				LastUpgradeCheck = 1430;
				TargetAttributes = {
					09C778552C2F313400276648 = {
						CreatedOnToolsVersion = 14.3;
						LastSwiftMigration = 1540;
					};
				};
			};
			buildConfigurationList = 09C778512C2F313400276648 /* Build configuration list for PBXProject "yixueNote" */;
			compatibilityVersion = "Xcode 14.0";
			developmentRegion = en;
			hasScannedForEncodings = 0;
			knownRegions = (
				en,
				Base,
			);
			mainGroup = 09C7784D2C2F313400276648;
			productRefGroup = 09C778572C2F313400276648 /* Products */;
			projectDirPath = "";
			projectRoot = "";
			targets = (
				09C778552C2F313400276648 /* yixueNote */,
			);
		};
/* End PBXProject section */

/* Begin PBXResourcesBuildPhase section */
		09C778542C2F313400276648 /* Resources */ = {
			isa = PBXResourcesBuildPhase;
			buildActionMask = 2147483647;
			files = (
				09C778612C2F313500276648 /* Preview Assets.xcassets in Resources */,
				09C7785E2C2F313500276648 /* Assets.xcassets in Resources */,
			);
			runOnlyForDeploymentPostprocessing = 0;
		};
/* End PBXResourcesBuildPhase section */

/* Begin PBXSourcesBuildPhase section */
		09C778522C2F313400276648 /* Sources */ = {
			isa = PBXSourcesBuildPhase;
			buildActionMask = 2147483647;
			files = (
				09B8B47F2C3F03EB00DA18AF /* DataModel.xcdatamodeld in Sources */,
				09B8B4862C3F06A000DA18AF /* PersistenceController.swift in Sources */,
				09B8B46D2C3DB7CB00DA18AF /* MyProfileView.swift in Sources */,
				092569302C31A7A200B23673 /* lunarData.cpp in Sources */,
				092569232C3065E700B23673 /* PaipanDetailView.swift in Sources */,
				092569212C3056C000B23673 /* MeihuayishuPaipan.swift in Sources */,
				09B8B4612C3BAB1B00DA18AF /* GuaData.cpp in Sources */,
				09B8B4822C3F056700DA18AF /* PaipanRecordModel+CoreDataClass.swift in Sources */,
				09B8B4832C3F056700DA18AF /* PaipanRecordModel+CoreDataProperties.swift in Sources */,
				09B8B46B2C3DB61900DA18AF /* GuaExampleView.swift in Sources */,
				0925692A2C307D5900B23673 /* UtilsHelper.cpp in Sources */,
				092569262C30762000B23673 /* DateUtils.swift in Sources */,
				09C7785C2C2F313400276648 /* FirstPageView.swift in Sources */,
				09C7785A2C2F313400276648 /* yixueNoteApp.swift in Sources */,
			);
			runOnlyForDeploymentPostprocessing = 0;
		};
/* End PBXSourcesBuildPhase section */

/* Begin XCBuildConfiguration section */
		09C778622C2F313500276648 /* Debug */ = {
			isa = XCBuildConfiguration;
			buildSettings = {
				ALWAYS_SEARCH_USER_PATHS = NO;
				CLANG_ANALYZER_NONNULL = YES;
				CLANG_ANALYZER_NUMBER_OBJECT_CONVERSION = YES_AGGRESSIVE;
				CLANG_CXX_LANGUAGE_STANDARD = "gnu++20";
				CLANG_ENABLE_MODULES = YES;
				CLANG_ENABLE_OBJC_ARC = YES;
				CLANG_ENABLE_OBJC_WEAK = YES;
				CLANG_WARN_BLOCK_CAPTURE_AUTORELEASING = YES;
				CLANG_WARN_BOOL_CONVERSION = YES;
				CLANG_WARN_COMMA = YES;
				CLANG_WARN_CONSTANT_CONVERSION = YES;
				CLANG_WARN_DEPRECATED_OBJC_IMPLEMENTATIONS = YES;
				CLANG_WARN_DIRECT_OBJC_ISA_USAGE = YES_ERROR;
				CLANG_WARN_DOCUMENTATION_COMMENTS = YES;
				CLANG_WARN_EMPTY_BODY = YES;
				CLANG_WARN_ENUM_CONVERSION = YES;
				CLANG_WARN_INFINITE_RECURSION = YES;
				CLANG_WARN_INT_CONVERSION = YES;
				CLANG_WARN_NON_LITERAL_NULL_CONVERSION = YES;
				CLANG_WARN_OBJC_IMPLICIT_RETAIN_SELF = YES;
				CLANG_WARN_OBJC_LITERAL_CONVERSION = YES;
				CLANG_WARN_OBJC_ROOT_CLASS = YES_ERROR;
				CLANG_WARN_QUOTED_INCLUDE_IN_FRAMEWORK_HEADER = YES;
				CLANG_WARN_RANGE_LOOP_ANALYSIS = YES;
				CLANG_WARN_STRICT_PROTOTYPES = YES;
				CLANG_WARN_SUSPICIOUS_MOVE = YES;
				CLANG_WARN_UNGUARDED_AVAILABILITY = YES_AGGRESSIVE;
				CLANG_WARN_UNREACHABLE_CODE = YES;
				CLANG_WARN__DUPLICATE_METHOD_MATCH = YES;
				COPY_PHASE_STRIP = NO;
				DEBUG_INFORMATION_FORMAT = dwarf;
				ENABLE_STRICT_OBJC_MSGSEND = YES;
				ENABLE_TESTABILITY = YES;
				GCC_C_LANGUAGE_STANDARD = gnu11;
				GCC_DYNAMIC_NO_PIC = NO;
				GCC_NO_COMMON_BLOCKS = YES;
				GCC_OPTIMIZATION_LEVEL = 0;
				GCC_PREPROCESSOR_DEFINITIONS = (
					"DEBUG=1",
					"$(inherited)",
				);
				GCC_WARN_64_TO_32_BIT_CONVERSION = YES;
				GCC_WARN_ABOUT_RETURN_TYPE = YES_ERROR;
				GCC_WARN_UNDECLARED_SELECTOR = YES;
				GCC_WARN_UNINITIALIZED_AUTOS = YES_AGGRESSIVE;
				GCC_WARN_UNUSED_FUNCTION = YES;
				GCC_WARN_UNUSED_VARIABLE = YES;
				IPHONEOS_DEPLOYMENT_TARGET = 16.4;
				MTL_ENABLE_DEBUG_INFO = INCLUDE_SOURCE;
				MTL_FAST_MATH = YES;
				ONLY_ACTIVE_ARCH = YES;
				SDKROOT = iphoneos;
				SWIFT_ACTIVE_COMPILATION_CONDITIONS = DEBUG;
				SWIFT_OPTIMIZATION_LEVEL = "-Onone";
			};
			name = Debug;
		};
		09C778632C2F313500276648 /* Release */ = {
			isa = XCBuildConfiguration;
			buildSettings = {
				ALWAYS_SEARCH_USER_PATHS = NO;
				CLANG_ANALYZER_NONNULL = YES;
				CLANG_ANALYZER_NUMBER_OBJECT_CONVERSION = YES_AGGRESSIVE;
				CLANG_CXX_LANGUAGE_STANDARD = "gnu++20";
				CLANG_ENABLE_MODULES = YES;
				CLANG_ENABLE_OBJC_ARC = YES;
				CLANG_ENABLE_OBJC_WEAK = YES;
				CLANG_WARN_BLOCK_CAPTURE_AUTORELEASING = YES;
				CLANG_WARN_BOOL_CONVERSION = YES;
				CLANG_WARN_COMMA = YES;
				CLANG_WARN_CONSTANT_CONVERSION = YES;
				CLANG_WARN_DEPRECATED_OBJC_IMPLEMENTATIONS = YES;
				CLANG_WARN_DIRECT_OBJC_ISA_USAGE = YES_ERROR;
				CLANG_WARN_DOCUMENTATION_COMMENTS = YES;
				CLANG_WARN_EMPTY_BODY = YES;
				CLANG_WARN_ENUM_CONVERSION = YES;
				CLANG_WARN_INFINITE_RECURSION = YES;
				CLANG_WARN_INT_CONVERSION = YES;
				CLANG_WARN_NON_LITERAL_NULL_CONVERSION = YES;
				CLANG_WARN_OBJC_IMPLICIT_RETAIN_SELF = YES;
				CLANG_WARN_OBJC_LITERAL_CONVERSION = YES;
				CLANG_WARN_OBJC_ROOT_CLASS = YES_ERROR;
				CLANG_WARN_QUOTED_INCLUDE_IN_FRAMEWORK_HEADER = YES;
				CLANG_WARN_RANGE_LOOP_ANALYSIS = YES;
				CLANG_WARN_STRICT_PROTOTYPES = YES;
				CLANG_WARN_SUSPICIOUS_MOVE = YES;
				CLANG_WARN_UNGUARDED_AVAILABILITY = YES_AGGRESSIVE;
				CLANG_WARN_UNREACHABLE_CODE = YES;
				CLANG_WARN__DUPLICATE_METHOD_MATCH = YES;
				COPY_PHASE_STRIP = NO;
				DEBUG_INFORMATION_FORMAT = "dwarf-with-dsym";
				ENABLE_NS_ASSERTIONS = NO;
				ENABLE_STRICT_OBJC_MSGSEND = YES;
				GCC_C_LANGUAGE_STANDARD = gnu11;
				GCC_NO_COMMON_BLOCKS = YES;
				GCC_WARN_64_TO_32_BIT_CONVERSION = YES;
				GCC_WARN_ABOUT_RETURN_TYPE = YES_ERROR;
				GCC_WARN_UNDECLARED_SELECTOR = YES;
				GCC_WARN_UNINITIALIZED_AUTOS = YES_AGGRESSIVE;
				GCC_WARN_UNUSED_FUNCTION = YES;
				GCC_WARN_UNUSED_VARIABLE = YES;
				IPHONEOS_DEPLOYMENT_TARGET = 16.4;
				MTL_ENABLE_DEBUG_INFO = NO;
				MTL_FAST_MATH = YES;
				SDKROOT = iphoneos;
				SWIFT_COMPILATION_MODE = wholemodule;
				SWIFT_OPTIMIZATION_LEVEL = "-O";
				VALIDATE_PRODUCT = YES;
			};
			name = Release;
		};
		09C778652C2F313500276648 /* Debug */ = {
			isa = XCBuildConfiguration;
			buildSettings = {
				ASSETCATALOG_COMPILER_APPICON_NAME = AppIcon;
				ASSETCATALOG_COMPILER_GLOBAL_ACCENT_COLOR_NAME = AccentColor;
				CLANG_ENABLE_MODULES = YES;
				CODE_SIGN_IDENTITY = "Apple Development";
				CODE_SIGN_STYLE = Automatic;
				CURRENT_PROJECT_VERSION = 1;
				DEVELOPMENT_ASSET_PATHS = "\"yixueNote/Preview Content\"";
				DEVELOPMENT_TEAM = 4CSG5Z48U6;
				ENABLE_PREVIEWS = YES;
				GENERATE_INFOPLIST_FILE = YES;
				INFOPLIST_KEY_CFBundleDisplayName = "易学笔记";
				INFOPLIST_KEY_UIApplicationSceneManifest_Generation = YES;
				INFOPLIST_KEY_UIApplicationSupportsIndirectInputEvents = YES;
				INFOPLIST_KEY_UILaunchScreen_Generation = YES;
				INFOPLIST_KEY_UISupportedInterfaceOrientations_iPad = "UIInterfaceOrientationPortrait UIInterfaceOrientationPortraitUpsideDown UIInterfaceOrientationLandscapeLeft UIInterfaceOrientationLandscapeRight";
				INFOPLIST_KEY_UISupportedInterfaceOrientations_iPhone = "UIInterfaceOrientationPortrait UIInterfaceOrientationLandscapeLeft UIInterfaceOrientationLandscapeRight";
				LD_RUNPATH_SEARCH_PATHS = (
					"$(inherited)",
					"@executable_path/Frameworks",
				);
				MARKETING_VERSION = 1.0;
				PRODUCT_BUNDLE_IDENTIFIER = com.macdemo.yixueNote;
				PRODUCT_NAME = "$(TARGET_NAME)";
				PROVISIONING_PROFILE_SPECIFIER = "";
				SWIFT_EMIT_LOC_STRINGS = YES;
				SWIFT_OBJC_BRIDGING_HEADER = "yixueNote/bridge/yixueNote-Bridging-Header.h";
				SWIFT_OPTIMIZATION_LEVEL = "-Onone";
				SWIFT_VERSION = 5.0;
				TARGETED_DEVICE_FAMILY = "1,2";
			};
			name = Debug;
		};
		09C778662C2F313500276648 /* Release */ = {
			isa = XCBuildConfiguration;
			buildSettings = {
				ASSETCATALOG_COMPILER_APPICON_NAME = AppIcon;
				ASSETCATALOG_COMPILER_GLOBAL_ACCENT_COLOR_NAME = AccentColor;
				CLANG_ENABLE_MODULES = YES;
				CODE_SIGN_IDENTITY = "Apple Development";
				CODE_SIGN_STYLE = Automatic;
				CURRENT_PROJECT_VERSION = 1;
				DEVELOPMENT_ASSET_PATHS = "\"yixueNote/Preview Content\"";
				DEVELOPMENT_TEAM = 4CSG5Z48U6;
				ENABLE_PREVIEWS = YES;
				GENERATE_INFOPLIST_FILE = YES;
				INFOPLIST_KEY_CFBundleDisplayName = "易学笔记";
				INFOPLIST_KEY_UIApplicationSceneManifest_Generation = YES;
				INFOPLIST_KEY_UIApplicationSupportsIndirectInputEvents = YES;
				INFOPLIST_KEY_UILaunchScreen_Generation = YES;
				INFOPLIST_KEY_UISupportedInterfaceOrientations_iPad = "UIInterfaceOrientationPortrait UIInterfaceOrientationPortraitUpsideDown UIInterfaceOrientationLandscapeLeft UIInterfaceOrientationLandscapeRight";
				INFOPLIST_KEY_UISupportedInterfaceOrientations_iPhone = "UIInterfaceOrientationPortrait UIInterfaceOrientationLandscapeLeft UIInterfaceOrientationLandscapeRight";
				LD_RUNPATH_SEARCH_PATHS = (
					"$(inherited)",
					"@executable_path/Frameworks",
				);
				MARKETING_VERSION = 1.0;
				PRODUCT_BUNDLE_IDENTIFIER = com.macdemo.yixueNote;
				PRODUCT_NAME = "$(TARGET_NAME)";
				PROVISIONING_PROFILE_SPECIFIER = "";
				SWIFT_EMIT_LOC_STRINGS = YES;
				SWIFT_OBJC_BRIDGING_HEADER = "yixueNote/bridge/yixueNote-Bridging-Header.h";
				SWIFT_VERSION = 5.0;
				TARGETED_DEVICE_FAMILY = "1,2";
			};
			name = Release;
		};
/* End XCBuildConfiguration section */

/* Begin XCConfigurationList section */
		09C778512C2F313400276648 /* Build configuration list for PBXProject "yixueNote" */ = {
			isa = XCConfigurationList;
			buildConfigurations = (
				09C778622C2F313500276648 /* Debug */,
				09C778632C2F313500276648 /* Release */,
			);
			defaultConfigurationIsVisible = 0;
			defaultConfigurationName = Release;
		};
		09C778642C2F313500276648 /* Build configuration list for PBXNativeTarget "yixueNote" */ = {
			isa = XCConfigurationList;
			buildConfigurations = (
				09C778652C2F313500276648 /* Debug */,
				09C778662C2F313500276648 /* Release */,
			);
			defaultConfigurationIsVisible = 0;
			defaultConfigurationName = Release;
		};
/* End XCConfigurationList section */

/* Begin XCVersionGroup section */
		09B8B47D2C3F03EB00DA18AF /* DataModel.xcdatamodeld */ = {
			isa = XCVersionGroup;
			children = (
				09B8B47E2C3F03EB00DA18AF /* DataModel.xcdatamodel */,
			);
			currentVersion = 09B8B47E2C3F03EB00DA18AF /* DataModel.xcdatamodel */;
			name = DataModel.xcdatamodeld;
			path = /Users/rickqiu/Desktop/Engine/project/ocdemo/meihuayishu/yixueNote/DataModel.xcdatamodeld;
			sourceTree = "<group>";
			versionGroupType = wrapper.xcdatamodel;
		};
/* End XCVersionGroup section */
	};
	rootObject = 09C7784E2C2F313400276648 /* Project object */;
}
